PODS:
  - KoalaTeaPlayer (0.2.1):
    - KTResponsiveUI
    - SnapKit
    - SwifterSwift
  - KTResponsiveUI (0.2.6)
  - SnapKit (4.0.0)
  - SwifterSwift (4.1.0):
    - SwifterSwift/AppKit (= 4.1.0)
    - SwifterSwift/CoreGraphics (= 4.1.0)
    - SwifterSwift/CoreLocation (= 4.1.0)
    - SwifterSwift/Foundation (= 4.1.0)
    - SwifterSwift/SwiftStdlib (= 4.1.0)
    - SwifterSwift/UIKit (= 4.1.0)
  - SwifterSwift/AppKit (4.1.0)
  - SwifterSwift/CoreGraphics (4.1.0)
  - SwifterSwift/CoreLocation (4.1.0)
  - SwifterSwift/Foundation (4.1.0)
  - SwifterSwift/SwiftStdlib (4.1.0)
  - SwifterSwift/UIKit (4.1.0)

DEPENDENCIES:
  - KoalaTeaPlayer (from `../`)

EXTERNAL SOURCES:
  KoalaTeaPlayer:
    :path: ../

SPEC CHECKSUMS:
  KoalaTeaPlayer: ced142f54b080e4692568e26385330b876d0dfc1
  KTResponsiveUI: c8a75fe5270e05749a5ca8d20ab008a285b5e260
  SnapKit: a42d492c16e80209130a3379f73596c3454b7694
  SwifterSwift: 4d962b5d653760b85266832aff6ab6d08c1b7974

PODFILE CHECKSUM: 97942a1734cb2e4121fd1c2c6d998dc908e087e3

COCOAPODS: 1.3.1
